
Microsoft Visual Studio Solution File, Format Version 12.00
# Visual Studio Version 17
VisualStudioVersion = 17.7.34031.279
MinimumVisualStudioVersion = 10.0.40219.1
Project("{FAE04EC0-301F-11D3-BF4B-00C04F79EFBC}") = "Úkol 1", "Úkol 1.csproj", "{A18D4991-8BD0-4AD8-977F-264798EC158F}"
EndProject
Global
	GlobalSection(SolutionConfigurationPlatforms) = preSolution
		Debug|Any CPU = Debug|Any CPU
		Release|Any CPU = Release|Any CPU
	EndGlobalSection
	GlobalSection(ProjectConfigurationPlatforms) = postSolution
		{A18D4991-8BD0-4AD8-977F-264798EC158F}.Debug|Any CPU.ActiveCfg = Debug|Any CPU
		{A18D4991-8BD0-4AD8-977F-264798EC158F}.Debug|Any CPU.Build.0 = Debug|Any CPU
		{A18D4991-8BD0-4AD8-977F-264798EC158F}.Release|Any CPU.ActiveCfg = Release|Any CPU
		{A18D4991-8BD0-4AD8-977F-264798EC158F}.Release|Any CPU.Build.0 = Release|Any CPU
	EndGlobalSection
	GlobalSection(SolutionProperties) = preSolution
		HideSolutionNode = FALSE
	EndGlobalSection
	GlobalSection(ExtensibilityGlobals) = postSolution
		SolutionGuid = {A7C265F1-1AB8-4B2E-BA7F-BB432A65C8ED}
	EndGlobalSection
EndGlobal
